
Microsoft Visual Studio Solution File, Format Version 12.00
# Visual Studio Version 17
VisualStudioVersion = 17.3.32825.248
MinimumVisualStudioVersion = 10.0.40219.1
Project("{FAE04EC0-301F-11D3-BF4B-00C04F79EFBC}") = "CafeMenegment", "CafeMenegment\CafeMenegment.csproj", "{D775234F-ADEA-45F8-9F4E-75E0C21579A4}"
EndProject
Global
	GlobalSection(SolutionConfigurationPlatforms) = preSolution
		Debug|Any CPU = Debug|Any CPU
		Release|Any CPU = Release|Any CPU
	EndGlobalSection
	GlobalSection(ProjectConfigurationPlatforms) = postSolution
		{D775234F-ADEA-45F8-9F4E-75E0C21579A4}.Debug|Any CPU.ActiveCfg = Debug|Any CPU
		{D775234F-ADEA-45F8-9F4E-75E0C21579A4}.Debug|Any CPU.Build.0 = Debug|Any CPU
		{D775234F-ADEA-45F8-9F4E-75E0C21579A4}.Release|Any CPU.ActiveCfg = Release|Any CPU
		{D775234F-ADEA-45F8-9F4E-75E0C21579A4}.Release|Any CPU.Build.0 = Release|Any CPU
	EndGlobalSection
	GlobalSection(SolutionProperties) = preSolution
		HideSolutionNode = FALSE
	EndGlobalSection
	GlobalSection(ExtensibilityGlobals) = postSolution
		SolutionGuid = {B1BD5749-CDDA-4844-91A6-9A6205E6907B}
	EndGlobalSection
EndGlobal
